
Microsoft Visual Studio Solution File, Format Version 12.00
# Visual Studio 14
VisualStudioVersion = 14.0.25123.0
MinimumVisualStudioVersion = 10.0.40219.1
Project("{2150E333-8FDC-42A3-9474-1A3956D46DE8}") = "Common", "Common", "{64ED924C-5F60-4815-A3EB-4324016C86AF}"
EndProject
Project("{FAE04EC0-301F-11D3-BF4B-00C04F79EFBC}") = "GoogleAnalytics.Core", "GoogleAnalytics.Core\GoogleAnalytics.Core.csproj", "{F37123CD-3C3D-40CA-B1B0-9CA81612A478}"
EndProject
Project("{2150E333-8FDC-42A3-9474-1A3956D46DE8}") = "Tests", "Tests", "{C62DCE55-400E-4C30-8DF6-DC06AB245A94}"
EndProject
Project("{FAE04EC0-301F-11D3-BF4B-00C04F79EFBC}") = "GoogleAnalyticsUnitTests", "GoogleAnalyticsUnitTests\GoogleAnalyticsUnitTests.csproj", "{0A07004D-433F-4B41-8E25-D66DB06E5841}"
EndProject
Project("{FAE04EC0-301F-11D3-BF4B-00C04F79EFBC}") = "TestConsoleApplication", "TestConsoleApplication\TestConsoleApplication.csproj", "{3A48655F-463B-4CAD-8570-B862CBD853A6}"
EndProject
Project("{FAE04EC0-301F-11D3-BF4B-00C04F79EFBC}") = "TestFormsApp.Droid", "TestFormsApp\TestFormsApp.Droid\TestFormsApp.Droid.csproj", "{E0AB3FF3-C87E-476E-9D83-6B09ECD5A21A}"
EndProject
Project("{D954291E-2A0B-460D-934E-DC6B0785DB48}") = "TestFormsApp", "TestFormsApp\TestFormsApp\TestFormsApp.shproj", "{0F204619-B4D1-4A89-BE06-54F01C904CBD}"
EndProject
Project("{FAE04EC0-301F-11D3-BF4B-00C04F79EFBC}") = "TestFormsApp.iOS", "TestFormsApp.iOS\TestFormsApp.iOS.csproj", "{65468291-EC6A-4386-A42D-092736BC9D94}"
EndProject
Project("{2150E333-8FDC-42A3-9474-1A3956D46DE8}") = "Platforms", "Platforms", "{B5540EE3-820F-4785-AC56-C28E87D12D8D}"
EndProject
Project("{FAE04EC0-301F-11D3-BF4B-00C04F79EFBC}") = "GoogleAnalytics.iOS", "GoogleAnalytics.iOS\GoogleAnalytics.iOS.csproj", "{FBB9322B-BAF7-4D54-A11D-26FB98692E39}"
EndProject
Project("{FAE04EC0-301F-11D3-BF4B-00C04F79EFBC}") = "GoogleAnalytics.Droid", "GoogleAnalytics.Droid\GoogleAnalytics.Droid.csproj", "{6B29D668-9370-424E-928A-24FE99B57AA0}"
EndProject
Project("{FAE04EC0-301F-11D3-BF4B-00C04F79EFBC}") = "GoogleAnalytics.Universal", "GoogleAnalytics.Universal\GoogleAnalytics.Universal.csproj", "{C7D322F9-7612-4C93-8893-4C3B0ED6810B}"
EndProject
Project("{FAE04EC0-301F-11D3-BF4B-00C04F79EFBC}") = "GooglaAnalytics.WP", "GooglaAnalytics.WP\GooglaAnalytics.WP.csproj", "{17DE7504-081B-492C-8755-E22FBF34E805}"
EndProject
Project("{FAE04EC0-301F-11D3-BF4B-00C04F79EFBC}") = "GooglaAnalytics.W81", "GooglaAnalytics.W81\GooglaAnalytics.W81.csproj", "{2FFC84F2-9762-4787-953B-F308438DAED5}"
EndProject
Global
	GlobalSection(SharedMSBuildProjectFiles) = preSolution
		TestFormsApp\TestFormsApp\TestFormsApp.projitems*{0f204619-b4d1-4a89-be06-54f01c904cbd}*SharedItemsImports = 13
		TestFormsApp\TestFormsApp\TestFormsApp.projitems*{e0ab3ff3-c87e-476e-9d83-6b09ecd5a21a}*SharedItemsImports = 4
	EndGlobalSection
	GlobalSection(SolutionConfigurationPlatforms) = preSolution
		AppStore|Any CPU = AppStore|Any CPU
		AppStore|ARM = AppStore|ARM
		AppStore|iPhone = AppStore|iPhone
		AppStore|iPhoneSimulator = AppStore|iPhoneSimulator
		AppStore|x64 = AppStore|x64
		AppStore|x86 = AppStore|x86
		Debug|Any CPU = Debug|Any CPU
		Debug|ARM = Debug|ARM
		Debug|iPhone = Debug|iPhone
		Debug|iPhoneSimulator = Debug|iPhoneSimulator
		Debug|x64 = Debug|x64
		Debug|x86 = Debug|x86
		Release|Any CPU = Release|Any CPU
		Release|ARM = Release|ARM
		Release|iPhone = Release|iPhone
		Release|iPhoneSimulator = Release|iPhoneSimulator
		Release|x64 = Release|x64
		Release|x86 = Release|x86
	EndGlobalSection
	GlobalSection(ProjectConfigurationPlatforms) = postSolution
		{F37123CD-3C3D-40CA-B1B0-9CA81612A478}.AppStore|Any CPU.ActiveCfg = Release|Any CPU
		{F37123CD-3C3D-40CA-B1B0-9CA81612A478}.AppStore|Any CPU.Build.0 = Release|Any CPU
		{F37123CD-3C3D-40CA-B1B0-9CA81612A478}.AppStore|ARM.ActiveCfg = Debug|Any CPU
		{F37123CD-3C3D-40CA-B1B0-9CA81612A478}.AppStore|ARM.Build.0 = Debug|Any CPU
		{F37123CD-3C3D-40CA-B1B0-9CA81612A478}.AppStore|iPhone.ActiveCfg = Debug|Any CPU
		{F37123CD-3C3D-40CA-B1B0-9CA81612A478}.AppStore|iPhoneSimulator.ActiveCfg = Debug|Any CPU
		{F37123CD-3C3D-40CA-B1B0-9CA81612A478}.AppStore|x64.ActiveCfg = Debug|Any CPU
		{F37123CD-3C3D-40CA-B1B0-9CA81612A478}.AppStore|x64.Build.0 = Debug|Any CPU
		{F37123CD-3C3D-40CA-B1B0-9CA81612A478}.AppStore|x86.ActiveCfg = Debug|Any CPU
		{F37123CD-3C3D-40CA-B1B0-9CA81612A478}.AppStore|x86.Build.0 = Debug|Any CPU
		{F37123CD-3C3D-40CA-B1B0-9CA81612A478}.Debug|Any CPU.ActiveCfg = Debug|Any CPU
		{F37123CD-3C3D-40CA-B1B0-9CA81612A478}.Debug|Any CPU.Build.0 = Debug|Any CPU
		{F37123CD-3C3D-40CA-B1B0-9CA81612A478}.Debug|ARM.ActiveCfg = Debug|Any CPU
		{F37123CD-3C3D-40CA-B1B0-9CA81612A478}.Debug|ARM.Build.0 = Debug|Any CPU
		{F37123CD-3C3D-40CA-B1B0-9CA81612A478}.Debug|iPhone.ActiveCfg = Debug|Any CPU
		{F37123CD-3C3D-40CA-B1B0-9CA81612A478}.Debug|iPhone.Build.0 = Debug|Any CPU
		{F37123CD-3C3D-40CA-B1B0-9CA81612A478}.Debug|iPhoneSimulator.ActiveCfg = Debug|Any CPU
		{F37123CD-3C3D-40CA-B1B0-9CA81612A478}.Debug|iPhoneSimulator.Build.0 = Debug|Any CPU
		{F37123CD-3C3D-40CA-B1B0-9CA81612A478}.Debug|x64.ActiveCfg = Debug|Any CPU
		{F37123CD-3C3D-40CA-B1B0-9CA81612A478}.Debug|x64.Build.0 = Debug|Any CPU
		{F37123CD-3C3D-40CA-B1B0-9CA81612A478}.Debug|x86.ActiveCfg = Debug|Any CPU
		{F37123CD-3C3D-40CA-B1B0-9CA81612A478}.Debug|x86.Build.0 = Debug|Any CPU
		{F37123CD-3C3D-40CA-B1B0-9CA81612A478}.Release|Any CPU.ActiveCfg = Release|Any CPU
		{F37123CD-3C3D-40CA-B1B0-9CA81612A478}.Release|Any CPU.Build.0 = Release|Any CPU
		{F37123CD-3C3D-40CA-B1B0-9CA81612A478}.Release|ARM.ActiveCfg = Release|Any CPU
		{F37123CD-3C3D-40CA-B1B0-9CA81612A478}.Release|ARM.Build.0 = Release|Any CPU
		{F37123CD-3C3D-40CA-B1B0-9CA81612A478}.Release|iPhone.ActiveCfg = Release|Any CPU
		{F37123CD-3C3D-40CA-B1B0-9CA81612A478}.Release|iPhone.Build.0 = Release|Any CPU
		{F37123CD-3C3D-40CA-B1B0-9CA81612A478}.Release|iPhoneSimulator.ActiveCfg = Release|Any CPU
		{F37123CD-3C3D-40CA-B1B0-9CA81612A478}.Release|iPhoneSimulator.Build.0 = Release|Any CPU
		{F37123CD-3C3D-40CA-B1B0-9CA81612A478}.Release|x64.ActiveCfg = Release|Any CPU
		{F37123CD-3C3D-40CA-B1B0-9CA81612A478}.Release|x64.Build.0 = Release|Any CPU
		{F37123CD-3C3D-40CA-B1B0-9CA81612A478}.Release|x86.ActiveCfg = Release|Any CPU
		{F37123CD-3C3D-40CA-B1B0-9CA81612A478}.Release|x86.Build.0 = Release|Any CPU
		{0A07004D-433F-4B41-8E25-D66DB06E5841}.AppStore|Any CPU.ActiveCfg = Release|Any CPU
		{0A07004D-433F-4B41-8E25-D66DB06E5841}.AppStore|Any CPU.Build.0 = Release|Any CPU
		{0A07004D-433F-4B41-8E25-D66DB06E5841}.AppStore|ARM.ActiveCfg = Debug|Any CPU
		{0A07004D-433F-4B41-8E25-D66DB06E5841}.AppStore|ARM.Build.0 = Debug|Any CPU
		{0A07004D-433F-4B41-8E25-D66DB06E5841}.AppStore|iPhone.ActiveCfg = Debug|Any CPU
		{0A07004D-433F-4B41-8E25-D66DB06E5841}.AppStore|iPhoneSimulator.ActiveCfg = Debug|Any CPU
		{0A07004D-433F-4B41-8E25-D66DB06E5841}.AppStore|x64.ActiveCfg = Debug|Any CPU
		{0A07004D-433F-4B41-8E25-D66DB06E5841}.AppStore|x64.Build.0 = Debug|Any CPU
		{0A07004D-433F-4B41-8E25-D66DB06E5841}.AppStore|x86.ActiveCfg = Debug|Any CPU
		{0A07004D-433F-4B41-8E25-D66DB06E5841}.AppStore|x86.Build.0 = Debug|Any CPU
		{0A07004D-433F-4B41-8E25-D66DB06E5841}.Debug|Any CPU.ActiveCfg = Debug|Any CPU
		{0A07004D-433F-4B41-8E25-D66DB06E5841}.Debug|Any CPU.Build.0 = Debug|Any CPU
		{0A07004D-433F-4B41-8E25-D66DB06E5841}.Debug|ARM.ActiveCfg = Debug|Any CPU
		{0A07004D-433F-4B41-8E25-D66DB06E5841}.Debug|ARM.Build.0 = Debug|Any CPU
		{0A07004D-433F-4B41-8E25-D66DB06E5841}.Debug|iPhone.ActiveCfg = Debug|Any CPU
		{0A07004D-433F-4B41-8E25-D66DB06E5841}.Debug|iPhone.Build.0 = Debug|Any CPU
		{0A07004D-433F-4B41-8E25-D66DB06E5841}.Debug|iPhoneSimulator.ActiveCfg = Debug|Any CPU
		{0A07004D-433F-4B41-8E25-D66DB06E5841}.Debug|iPhoneSimulator.Build.0 = Debug|Any CPU
		{0A07004D-433F-4B41-8E25-D66DB06E5841}.Debug|x64.ActiveCfg = Debug|Any CPU
		{0A07004D-433F-4B41-8E25-D66DB06E5841}.Debug|x64.Build.0 = Debug|Any CPU
		{0A07004D-433F-4B41-8E25-D66DB06E5841}.Debug|x86.ActiveCfg = Debug|Any CPU
		{0A07004D-433F-4B41-8E25-D66DB06E5841}.Debug|x86.Build.0 = Debug|Any CPU
		{0A07004D-433F-4B41-8E25-D66DB06E5841}.Release|Any CPU.ActiveCfg = Release|Any CPU
		{0A07004D-433F-4B41-8E25-D66DB06E5841}.Release|Any CPU.Build.0 = Release|Any CPU
		{0A07004D-433F-4B41-8E25-D66DB06E5841}.Release|ARM.ActiveCfg = Release|Any CPU
		{0A07004D-433F-4B41-8E25-D66DB06E5841}.Release|ARM.Build.0 = Release|Any CPU
		{0A07004D-433F-4B41-8E25-D66DB06E5841}.Release|iPhone.ActiveCfg = Release|Any CPU
		{0A07004D-433F-4B41-8E25-D66DB06E5841}.Release|iPhone.Build.0 = Release|Any CPU
		{0A07004D-433F-4B41-8E25-D66DB06E5841}.Release|iPhoneSimulator.ActiveCfg = Release|Any CPU
		{0A07004D-433F-4B41-8E25-D66DB06E5841}.Release|iPhoneSimulator.Build.0 = Release|Any CPU
		{0A07004D-433F-4B41-8E25-D66DB06E5841}.Release|x64.ActiveCfg = Release|Any CPU
		{0A07004D-433F-4B41-8E25-D66DB06E5841}.Release|x64.Build.0 = Release|Any CPU
		{0A07004D-433F-4B41-8E25-D66DB06E5841}.Release|x86.ActiveCfg = Release|Any CPU
		{0A07004D-433F-4B41-8E25-D66DB06E5841}.Release|x86.Build.0 = Release|Any CPU
		{3A48655F-463B-4CAD-8570-B862CBD853A6}.AppStore|Any CPU.ActiveCfg = Release|Any CPU
		{3A48655F-463B-4CAD-8570-B862CBD853A6}.AppStore|Any CPU.Build.0 = Release|Any CPU
		{3A48655F-463B-4CAD-8570-B862CBD853A6}.AppStore|ARM.ActiveCfg = Debug|Any CPU
		{3A48655F-463B-4CAD-8570-B862CBD853A6}.AppStore|ARM.Build.0 = Debug|Any CPU
		{3A48655F-463B-4CAD-8570-B862CBD853A6}.AppStore|iPhone.ActiveCfg = Debug|Any CPU
		{3A48655F-463B-4CAD-8570-B862CBD853A6}.AppStore|iPhoneSimulator.ActiveCfg = Debug|Any CPU
		{3A48655F-463B-4CAD-8570-B862CBD853A6}.AppStore|x64.ActiveCfg = Debug|Any CPU
		{3A48655F-463B-4CAD-8570-B862CBD853A6}.AppStore|x64.Build.0 = Debug|Any CPU
		{3A48655F-463B-4CAD-8570-B862CBD853A6}.AppStore|x86.ActiveCfg = Debug|Any CPU
		{3A48655F-463B-4CAD-8570-B862CBD853A6}.AppStore|x86.Build.0 = Debug|Any CPU
		{3A48655F-463B-4CAD-8570-B862CBD853A6}.Debug|Any CPU.ActiveCfg = Debug|Any CPU
		{3A48655F-463B-4CAD-8570-B862CBD853A6}.Debug|Any CPU.Build.0 = Debug|Any CPU
		{3A48655F-463B-4CAD-8570-B862CBD853A6}.Debug|ARM.ActiveCfg = Debug|Any CPU
		{3A48655F-463B-4CAD-8570-B862CBD853A6}.Debug|ARM.Build.0 = Debug|Any CPU
		{3A48655F-463B-4CAD-8570-B862CBD853A6}.Debug|iPhone.ActiveCfg = Debug|Any CPU
		{3A48655F-463B-4CAD-8570-B862CBD853A6}.Debug|iPhone.Build.0 = Debug|Any CPU
		{3A48655F-463B-4CAD-8570-B862CBD853A6}.Debug|iPhoneSimulator.ActiveCfg = Debug|Any CPU
		{3A48655F-463B-4CAD-8570-B862CBD853A6}.Debug|iPhoneSimulator.Build.0 = Debug|Any CPU
		{3A48655F-463B-4CAD-8570-B862CBD853A6}.Debug|x64.ActiveCfg = Debug|Any CPU
		{3A48655F-463B-4CAD-8570-B862CBD853A6}.Debug|x64.Build.0 = Debug|Any CPU
		{3A48655F-463B-4CAD-8570-B862CBD853A6}.Debug|x86.ActiveCfg = Debug|Any CPU
		{3A48655F-463B-4CAD-8570-B862CBD853A6}.Debug|x86.Build.0 = Debug|Any CPU
		{3A48655F-463B-4CAD-8570-B862CBD853A6}.Release|Any CPU.ActiveCfg = Release|Any CPU
		{3A48655F-463B-4CAD-8570-B862CBD853A6}.Release|Any CPU.Build.0 = Release|Any CPU
		{3A48655F-463B-4CAD-8570-B862CBD853A6}.Release|ARM.ActiveCfg = Release|Any CPU
		{3A48655F-463B-4CAD-8570-B862CBD853A6}.Release|ARM.Build.0 = Release|Any CPU
		{3A48655F-463B-4CAD-8570-B862CBD853A6}.Release|iPhone.ActiveCfg = Release|Any CPU
		{3A48655F-463B-4CAD-8570-B862CBD853A6}.Release|iPhone.Build.0 = Release|Any CPU
		{3A48655F-463B-4CAD-8570-B862CBD853A6}.Release|iPhoneSimulator.ActiveCfg = Release|Any CPU
		{3A48655F-463B-4CAD-8570-B862CBD853A6}.Release|iPhoneSimulator.Build.0 = Release|Any CPU
		{3A48655F-463B-4CAD-8570-B862CBD853A6}.Release|x64.ActiveCfg = Release|Any CPU
		{3A48655F-463B-4CAD-8570-B862CBD853A6}.Release|x64.Build.0 = Release|Any CPU
		{3A48655F-463B-4CAD-8570-B862CBD853A6}.Release|x86.ActiveCfg = Release|Any CPU
		{3A48655F-463B-4CAD-8570-B862CBD853A6}.Release|x86.Build.0 = Release|Any CPU
		{E0AB3FF3-C87E-476E-9D83-6B09ECD5A21A}.AppStore|Any CPU.ActiveCfg = Release|Any CPU
		{E0AB3FF3-C87E-476E-9D83-6B09ECD5A21A}.AppStore|Any CPU.Build.0 = Release|Any CPU
		{E0AB3FF3-C87E-476E-9D83-6B09ECD5A21A}.AppStore|Any CPU.Deploy.0 = Release|Any CPU
		{E0AB3FF3-C87E-476E-9D83-6B09ECD5A21A}.AppStore|ARM.ActiveCfg = Release|Any CPU
		{E0AB3FF3-C87E-476E-9D83-6B09ECD5A21A}.AppStore|ARM.Build.0 = Release|Any CPU
		{E0AB3FF3-C87E-476E-9D83-6B09ECD5A21A}.AppStore|ARM.Deploy.0 = Release|Any CPU
		{E0AB3FF3-C87E-476E-9D83-6B09ECD5A21A}.AppStore|iPhone.ActiveCfg = Debug|Any CPU
		{E0AB3FF3-C87E-476E-9D83-6B09ECD5A21A}.AppStore|iPhoneSimulator.ActiveCfg = Debug|Any CPU
		{E0AB3FF3-C87E-476E-9D83-6B09ECD5A21A}.AppStore|x64.ActiveCfg = Release|Any CPU
		{E0AB3FF3-C87E-476E-9D83-6B09ECD5A21A}.AppStore|x64.Build.0 = Release|Any CPU
		{E0AB3FF3-C87E-476E-9D83-6B09ECD5A21A}.AppStore|x64.Deploy.0 = Release|Any CPU
		{E0AB3FF3-C87E-476E-9D83-6B09ECD5A21A}.AppStore|x86.ActiveCfg = Release|Any CPU
		{E0AB3FF3-C87E-476E-9D83-6B09ECD5A21A}.AppStore|x86.Build.0 = Release|Any CPU
		{E0AB3FF3-C87E-476E-9D83-6B09ECD5A21A}.AppStore|x86.Deploy.0 = Release|Any CPU
		{E0AB3FF3-C87E-476E-9D83-6B09ECD5A21A}.Debug|Any CPU.ActiveCfg = Debug|Any CPU
		{E0AB3FF3-C87E-476E-9D83-6B09ECD5A21A}.Debug|Any CPU.Build.0 = Debug|Any CPU
		{E0AB3FF3-C87E-476E-9D83-6B09ECD5A21A}.Debug|Any CPU.Deploy.0 = Debug|Any CPU
		{E0AB3FF3-C87E-476E-9D83-6B09ECD5A21A}.Debug|ARM.ActiveCfg = Debug|Any CPU
		{E0AB3FF3-C87E-476E-9D83-6B09ECD5A21A}.Debug|ARM.Build.0 = Debug|Any CPU
		{E0AB3FF3-C87E-476E-9D83-6B09ECD5A21A}.Debug|ARM.Deploy.0 = Debug|Any CPU
		{E0AB3FF3-C87E-476E-9D83-6B09ECD5A21A}.Debug|iPhone.ActiveCfg = Debug|Any CPU
		{E0AB3FF3-C87E-476E-9D83-6B09ECD5A21A}.Debug|iPhone.Build.0 = Debug|Any CPU
		{E0AB3FF3-C87E-476E-9D83-6B09ECD5A21A}.Debug|iPhoneSimulator.ActiveCfg = Debug|Any CPU
		{E0AB3FF3-C87E-476E-9D83-6B09ECD5A21A}.Debug|iPhoneSimulator.Build.0 = Debug|Any CPU
		{E0AB3FF3-C87E-476E-9D83-6B09ECD5A21A}.Debug|x64.ActiveCfg = Debug|Any CPU
		{E0AB3FF3-C87E-476E-9D83-6B09ECD5A21A}.Debug|x64.Build.0 = Debug|Any CPU
		{E0AB3FF3-C87E-476E-9D83-6B09ECD5A21A}.Debug|x64.Deploy.0 = Debug|Any CPU
		{E0AB3FF3-C87E-476E-9D83-6B09ECD5A21A}.Debug|x86.ActiveCfg = Debug|Any CPU
		{E0AB3FF3-C87E-476E-9D83-6B09ECD5A21A}.Debug|x86.Build.0 = Debug|Any CPU
		{E0AB3FF3-C87E-476E-9D83-6B09ECD5A21A}.Debug|x86.Deploy.0 = Debug|Any CPU
		{E0AB3FF3-C87E-476E-9D83-6B09ECD5A21A}.Release|Any CPU.ActiveCfg = Release|Any CPU
		{E0AB3FF3-C87E-476E-9D83-6B09ECD5A21A}.Release|Any CPU.Build.0 = Release|Any CPU
		{E0AB3FF3-C87E-476E-9D83-6B09ECD5A21A}.Release|Any CPU.Deploy.0 = Release|Any CPU
		{E0AB3FF3-C87E-476E-9D83-6B09ECD5A21A}.Release|ARM.ActiveCfg = Release|Any CPU
		{E0AB3FF3-C87E-476E-9D83-6B09ECD5A21A}.Release|ARM.Build.0 = Release|Any CPU
		{E0AB3FF3-C87E-476E-9D83-6B09ECD5A21A}.Release|ARM.Deploy.0 = Release|Any CPU
		{E0AB3FF3-C87E-476E-9D83-6B09ECD5A21A}.Release|iPhone.ActiveCfg = Release|Any CPU
		{E0AB3FF3-C87E-476E-9D83-6B09ECD5A21A}.Release|iPhone.Build.0 = Release|Any CPU
		{E0AB3FF3-C87E-476E-9D83-6B09ECD5A21A}.Release|iPhoneSimulator.ActiveCfg = Release|Any CPU
		{E0AB3FF3-C87E-476E-9D83-6B09ECD5A21A}.Release|iPhoneSimulator.Build.0 = Release|Any CPU
		{E0AB3FF3-C87E-476E-9D83-6B09ECD5A21A}.Release|x64.ActiveCfg = Release|Any CPU
		{E0AB3FF3-C87E-476E-9D83-6B09ECD5A21A}.Release|x64.Build.0 = Release|Any CPU
		{E0AB3FF3-C87E-476E-9D83-6B09ECD5A21A}.Release|x64.Deploy.0 = Release|Any CPU
		{E0AB3FF3-C87E-476E-9D83-6B09ECD5A21A}.Release|x86.ActiveCfg = Release|Any CPU
		{E0AB3FF3-C87E-476E-9D83-6B09ECD5A21A}.Release|x86.Build.0 = Release|Any CPU
		{E0AB3FF3-C87E-476E-9D83-6B09ECD5A21A}.Release|x86.Deploy.0 = Release|Any CPU
		{65468291-EC6A-4386-A42D-092736BC9D94}.AppStore|Any CPU.ActiveCfg = Debug|iPhoneSimulator
		{65468291-EC6A-4386-A42D-092736BC9D94}.AppStore|Any CPU.Build.0 = Debug|iPhoneSimulator
		{65468291-EC6A-4386-A42D-092736BC9D94}.AppStore|ARM.ActiveCfg = Debug|iPhoneSimulator
		{65468291-EC6A-4386-A42D-092736BC9D94}.AppStore|ARM.Build.0 = Debug|iPhoneSimulator
		{65468291-EC6A-4386-A42D-092736BC9D94}.AppStore|iPhone.ActiveCfg = Release|iPhone
		{65468291-EC6A-4386-A42D-092736BC9D94}.AppStore|iPhoneSimulator.ActiveCfg = Release|iPhoneSimulator
		{65468291-EC6A-4386-A42D-092736BC9D94}.AppStore|x64.ActiveCfg = Debug|iPhoneSimulator
		{65468291-EC6A-4386-A42D-092736BC9D94}.AppStore|x64.Build.0 = Debug|iPhoneSimulator
		{65468291-EC6A-4386-A42D-092736BC9D94}.AppStore|x86.ActiveCfg = Debug|iPhoneSimulator
		{65468291-EC6A-4386-A42D-092736BC9D94}.AppStore|x86.Build.0 = Debug|iPhoneSimulator
		{65468291-EC6A-4386-A42D-092736BC9D94}.Debug|Any CPU.ActiveCfg = Debug|iPhoneSimulator
		{65468291-EC6A-4386-A42D-092736BC9D94}.Debug|Any CPU.Build.0 = Debug|iPhoneSimulator
		{65468291-EC6A-4386-A42D-092736BC9D94}.Debug|ARM.ActiveCfg = Debug|iPhoneSimulator
		{65468291-EC6A-4386-A42D-092736BC9D94}.Debug|ARM.Build.0 = Debug|iPhoneSimulator
		{65468291-EC6A-4386-A42D-092736BC9D94}.Debug|iPhone.ActiveCfg = Debug|iPhone
		{65468291-EC6A-4386-A42D-092736BC9D94}.Debug|iPhone.Build.0 = Debug|iPhone
		{65468291-EC6A-4386-A42D-092736BC9D94}.Debug|iPhoneSimulator.ActiveCfg = Debug|iPhoneSimulator
		{65468291-EC6A-4386-A42D-092736BC9D94}.Debug|iPhoneSimulator.Build.0 = Debug|iPhoneSimulator
		{65468291-EC6A-4386-A42D-092736BC9D94}.Debug|x64.ActiveCfg = Debug|iPhoneSimulator
		{65468291-EC6A-4386-A42D-092736BC9D94}.Debug|x64.Build.0 = Debug|iPhoneSimulator
		{65468291-EC6A-4386-A42D-092736BC9D94}.Debug|x86.ActiveCfg = Debug|iPhoneSimulator
		{65468291-EC6A-4386-A42D-092736BC9D94}.Debug|x86.Build.0 = Debug|iPhoneSimulator
		{65468291-EC6A-4386-A42D-092736BC9D94}.Release|Any CPU.ActiveCfg = Release|iPhone
		{65468291-EC6A-4386-A42D-092736BC9D94}.Release|Any CPU.Build.0 = Release|iPhone
		{65468291-EC6A-4386-A42D-092736BC9D94}.Release|ARM.ActiveCfg = Release|iPhone
		{65468291-EC6A-4386-A42D-092736BC9D94}.Release|ARM.Build.0 = Release|iPhone
		{65468291-EC6A-4386-A42D-092736BC9D94}.Release|iPhone.ActiveCfg = Release|iPhone
		{65468291-EC6A-4386-A42D-092736BC9D94}.Release|iPhone.Build.0 = Release|iPhone
		{65468291-EC6A-4386-A42D-092736BC9D94}.Release|iPhoneSimulator.ActiveCfg = Release|iPhoneSimulator
		{65468291-EC6A-4386-A42D-092736BC9D94}.Release|iPhoneSimulator.Build.0 = Release|iPhoneSimulator
		{65468291-EC6A-4386-A42D-092736BC9D94}.Release|x64.ActiveCfg = Release|iPhone
		{65468291-EC6A-4386-A42D-092736BC9D94}.Release|x64.Build.0 = Release|iPhone
		{65468291-EC6A-4386-A42D-092736BC9D94}.Release|x86.ActiveCfg = Release|iPhone
		{65468291-EC6A-4386-A42D-092736BC9D94}.Release|x86.Build.0 = Release|iPhone
		{FBB9322B-BAF7-4D54-A11D-26FB98692E39}.AppStore|Any CPU.ActiveCfg = AppStore|Any CPU
		{FBB9322B-BAF7-4D54-A11D-26FB98692E39}.AppStore|Any CPU.Build.0 = AppStore|Any CPU
		{FBB9322B-BAF7-4D54-A11D-26FB98692E39}.AppStore|ARM.ActiveCfg = AppStore|Any CPU
		{FBB9322B-BAF7-4D54-A11D-26FB98692E39}.AppStore|ARM.Build.0 = AppStore|Any CPU
		{FBB9322B-BAF7-4D54-A11D-26FB98692E39}.AppStore|iPhone.ActiveCfg = AppStore|Any CPU
		{FBB9322B-BAF7-4D54-A11D-26FB98692E39}.AppStore|iPhoneSimulator.ActiveCfg = AppStore|Any CPU
		{FBB9322B-BAF7-4D54-A11D-26FB98692E39}.AppStore|x64.ActiveCfg = AppStore|Any CPU
		{FBB9322B-BAF7-4D54-A11D-26FB98692E39}.AppStore|x64.Build.0 = AppStore|Any CPU
		{FBB9322B-BAF7-4D54-A11D-26FB98692E39}.AppStore|x86.ActiveCfg = AppStore|Any CPU
		{FBB9322B-BAF7-4D54-A11D-26FB98692E39}.AppStore|x86.Build.0 = AppStore|Any CPU
		{FBB9322B-BAF7-4D54-A11D-26FB98692E39}.Debug|Any CPU.ActiveCfg = Debug|Any CPU
		{FBB9322B-BAF7-4D54-A11D-26FB98692E39}.Debug|Any CPU.Build.0 = Debug|Any CPU
		{FBB9322B-BAF7-4D54-A11D-26FB98692E39}.Debug|ARM.ActiveCfg = Debug|Any CPU
		{FBB9322B-BAF7-4D54-A11D-26FB98692E39}.Debug|ARM.Build.0 = Debug|Any CPU
		{FBB9322B-BAF7-4D54-A11D-26FB98692E39}.Debug|iPhone.ActiveCfg = Debug|Any CPU
		{FBB9322B-BAF7-4D54-A11D-26FB98692E39}.Debug|iPhone.Build.0 = Debug|Any CPU
		{FBB9322B-BAF7-4D54-A11D-26FB98692E39}.Debug|iPhoneSimulator.ActiveCfg = Debug|Any CPU
		{FBB9322B-BAF7-4D54-A11D-26FB98692E39}.Debug|iPhoneSimulator.Build.0 = Debug|Any CPU
		{FBB9322B-BAF7-4D54-A11D-26FB98692E39}.Debug|x64.ActiveCfg = Debug|Any CPU
		{FBB9322B-BAF7-4D54-A11D-26FB98692E39}.Debug|x64.Build.0 = Debug|Any CPU
		{FBB9322B-BAF7-4D54-A11D-26FB98692E39}.Debug|x86.ActiveCfg = Debug|Any CPU
		{FBB9322B-BAF7-4D54-A11D-26FB98692E39}.Debug|x86.Build.0 = Debug|Any CPU
		{FBB9322B-BAF7-4D54-A11D-26FB98692E39}.Release|Any CPU.ActiveCfg = Release|Any CPU
		{FBB9322B-BAF7-4D54-A11D-26FB98692E39}.Release|Any CPU.Build.0 = Release|Any CPU
		{FBB9322B-BAF7-4D54-A11D-26FB98692E39}.Release|ARM.ActiveCfg = Release|Any CPU
		{FBB9322B-BAF7-4D54-A11D-26FB98692E39}.Release|ARM.Build.0 = Release|Any CPU
		{FBB9322B-BAF7-4D54-A11D-26FB98692E39}.Release|iPhone.ActiveCfg = Release|Any CPU
		{FBB9322B-BAF7-4D54-A11D-26FB98692E39}.Release|iPhone.Build.0 = Release|Any CPU
		{FBB9322B-BAF7-4D54-A11D-26FB98692E39}.Release|iPhoneSimulator.ActiveCfg = Release|Any CPU
		{FBB9322B-BAF7-4D54-A11D-26FB98692E39}.Release|iPhoneSimulator.Build.0 = Release|Any CPU
		{FBB9322B-BAF7-4D54-A11D-26FB98692E39}.Release|x64.ActiveCfg = Release|Any CPU
		{FBB9322B-BAF7-4D54-A11D-26FB98692E39}.Release|x64.Build.0 = Release|Any CPU
		{FBB9322B-BAF7-4D54-A11D-26FB98692E39}.Release|x86.ActiveCfg = Release|Any CPU
		{FBB9322B-BAF7-4D54-A11D-26FB98692E39}.Release|x86.Build.0 = Release|Any CPU
		{6B29D668-9370-424E-928A-24FE99B57AA0}.AppStore|Any CPU.ActiveCfg = Release|Any CPU
		{6B29D668-9370-424E-928A-24FE99B57AA0}.AppStore|Any CPU.Build.0 = Release|Any CPU
		{6B29D668-9370-424E-928A-24FE99B57AA0}.AppStore|ARM.ActiveCfg = Debug|Any CPU
		{6B29D668-9370-424E-928A-24FE99B57AA0}.AppStore|ARM.Build.0 = Debug|Any CPU
		{6B29D668-9370-424E-928A-24FE99B57AA0}.AppStore|iPhone.ActiveCfg = Debug|Any CPU
		{6B29D668-9370-424E-928A-24FE99B57AA0}.AppStore|iPhoneSimulator.ActiveCfg = Debug|Any CPU
		{6B29D668-9370-424E-928A-24FE99B57AA0}.AppStore|x64.ActiveCfg = Debug|Any CPU
		{6B29D668-9370-424E-928A-24FE99B57AA0}.AppStore|x64.Build.0 = Debug|Any CPU
		{6B29D668-9370-424E-928A-24FE99B57AA0}.AppStore|x86.ActiveCfg = Debug|Any CPU
		{6B29D668-9370-424E-928A-24FE99B57AA0}.AppStore|x86.Build.0 = Debug|Any CPU
		{6B29D668-9370-424E-928A-24FE99B57AA0}.Debug|Any CPU.ActiveCfg = Debug|Any CPU
		{6B29D668-9370-424E-928A-24FE99B57AA0}.Debug|Any CPU.Build.0 = Debug|Any CPU
		{6B29D668-9370-424E-928A-24FE99B57AA0}.Debug|ARM.ActiveCfg = Debug|Any CPU
		{6B29D668-9370-424E-928A-24FE99B57AA0}.Debug|ARM.Build.0 = Debug|Any CPU
		{6B29D668-9370-424E-928A-24FE99B57AA0}.Debug|iPhone.ActiveCfg = Debug|Any CPU
		{6B29D668-9370-424E-928A-24FE99B57AA0}.Debug|iPhone.Build.0 = Debug|Any CPU
		{6B29D668-9370-424E-928A-24FE99B57AA0}.Debug|iPhoneSimulator.ActiveCfg = Debug|Any CPU
		{6B29D668-9370-424E-928A-24FE99B57AA0}.Debug|iPhoneSimulator.Build.0 = Debug|Any CPU
		{6B29D668-9370-424E-928A-24FE99B57AA0}.Debug|x64.ActiveCfg = Debug|Any CPU
		{6B29D668-9370-424E-928A-24FE99B57AA0}.Debug|x64.Build.0 = Debug|Any CPU
		{6B29D668-9370-424E-928A-24FE99B57AA0}.Debug|x86.ActiveCfg = Debug|Any CPU
		{6B29D668-9370-424E-928A-24FE99B57AA0}.Debug|x86.Build.0 = Debug|Any CPU
		{6B29D668-9370-424E-928A-24FE99B57AA0}.Release|Any CPU.ActiveCfg = Release|Any CPU
		{6B29D668-9370-424E-928A-24FE99B57AA0}.Release|Any CPU.Build.0 = Release|Any CPU
		{6B29D668-9370-424E-928A-24FE99B57AA0}.Release|ARM.ActiveCfg = Release|Any CPU
		{6B29D668-9370-424E-928A-24FE99B57AA0}.Release|ARM.Build.0 = Release|Any CPU
		{6B29D668-9370-424E-928A-24FE99B57AA0}.Release|iPhone.ActiveCfg = Release|Any CPU
		{6B29D668-9370-424E-928A-24FE99B57AA0}.Release|iPhone.Build.0 = Release|Any CPU
		{6B29D668-9370-424E-928A-24FE99B57AA0}.Release|iPhoneSimulator.ActiveCfg = Release|Any CPU
		{6B29D668-9370-424E-928A-24FE99B57AA0}.Release|iPhoneSimulator.Build.0 = Release|Any CPU
		{6B29D668-9370-424E-928A-24FE99B57AA0}.Release|x64.ActiveCfg = Release|Any CPU
		{6B29D668-9370-424E-928A-24FE99B57AA0}.Release|x64.Build.0 = Release|Any CPU
		{6B29D668-9370-424E-928A-24FE99B57AA0}.Release|x86.ActiveCfg = Release|Any CPU
		{6B29D668-9370-424E-928A-24FE99B57AA0}.Release|x86.Build.0 = Release|Any CPU
		{C7D322F9-7612-4C93-8893-4C3B0ED6810B}.AppStore|Any CPU.ActiveCfg = Release|Any CPU
		{C7D322F9-7612-4C93-8893-4C3B0ED6810B}.AppStore|Any CPU.Build.0 = Release|Any CPU
		{C7D322F9-7612-4C93-8893-4C3B0ED6810B}.AppStore|ARM.ActiveCfg = Release|ARM
		{C7D322F9-7612-4C93-8893-4C3B0ED6810B}.AppStore|ARM.Build.0 = Release|ARM
		{C7D322F9-7612-4C93-8893-4C3B0ED6810B}.AppStore|iPhone.ActiveCfg = Debug|Any CPU
		{C7D322F9-7612-4C93-8893-4C3B0ED6810B}.AppStore|iPhoneSimulator.ActiveCfg = Debug|Any CPU
		{C7D322F9-7612-4C93-8893-4C3B0ED6810B}.AppStore|x64.ActiveCfg = Release|x64
		{C7D322F9-7612-4C93-8893-4C3B0ED6810B}.AppStore|x64.Build.0 = Release|x64
		{C7D322F9-7612-4C93-8893-4C3B0ED6810B}.AppStore|x86.ActiveCfg = Release|x86
		{C7D322F9-7612-4C93-8893-4C3B0ED6810B}.AppStore|x86.Build.0 = Release|x86
		{C7D322F9-7612-4C93-8893-4C3B0ED6810B}.Debug|Any CPU.ActiveCfg = Debug|Any CPU
		{C7D322F9-7612-4C93-8893-4C3B0ED6810B}.Debug|Any CPU.Build.0 = Debug|Any CPU
		{C7D322F9-7612-4C93-8893-4C3B0ED6810B}.Debug|ARM.ActiveCfg = Debug|ARM
		{C7D322F9-7612-4C93-8893-4C3B0ED6810B}.Debug|ARM.Build.0 = Debug|ARM
		{C7D322F9-7612-4C93-8893-4C3B0ED6810B}.Debug|iPhone.ActiveCfg = Debug|Any CPU
		{C7D322F9-7612-4C93-8893-4C3B0ED6810B}.Debug|iPhoneSimulator.ActiveCfg = Debug|Any CPU
		{C7D322F9-7612-4C93-8893-4C3B0ED6810B}.Debug|x64.ActiveCfg = Debug|x64
		{C7D322F9-7612-4C93-8893-4C3B0ED6810B}.Debug|x64.Build.0 = Debug|x64
		{C7D322F9-7612-4C93-8893-4C3B0ED6810B}.Debug|x86.ActiveCfg = Debug|x86
		{C7D322F9-7612-4C93-8893-4C3B0ED6810B}.Debug|x86.Build.0 = Debug|x86
		{C7D322F9-7612-4C93-8893-4C3B0ED6810B}.Release|Any CPU.ActiveCfg = Release|Any CPU
		{C7D322F9-7612-4C93-8893-4C3B0ED6810B}.Release|Any CPU.Build.0 = Release|Any CPU
		{C7D322F9-7612-4C93-8893-4C3B0ED6810B}.Release|ARM.ActiveCfg = Release|ARM
		{C7D322F9-7612-4C93-8893-4C3B0ED6810B}.Release|ARM.Build.0 = Release|ARM
		{C7D322F9-7612-4C93-8893-4C3B0ED6810B}.Release|iPhone.ActiveCfg = Release|Any CPU
		{C7D322F9-7612-4C93-8893-4C3B0ED6810B}.Release|iPhoneSimulator.ActiveCfg = Release|Any CPU
		{C7D322F9-7612-4C93-8893-4C3B0ED6810B}.Release|x64.ActiveCfg = Release|x64
		{C7D322F9-7612-4C93-8893-4C3B0ED6810B}.Release|x64.Build.0 = Release|x64
		{C7D322F9-7612-4C93-8893-4C3B0ED6810B}.Release|x86.ActiveCfg = Release|x86
		{C7D322F9-7612-4C93-8893-4C3B0ED6810B}.Release|x86.Build.0 = Release|x86
		{17DE7504-081B-492C-8755-E22FBF34E805}.AppStore|Any CPU.ActiveCfg = Release|Any CPU
		{17DE7504-081B-492C-8755-E22FBF34E805}.AppStore|Any CPU.Build.0 = Release|Any CPU
		{17DE7504-081B-492C-8755-E22FBF34E805}.AppStore|ARM.ActiveCfg = Release|ARM
		{17DE7504-081B-492C-8755-E22FBF34E805}.AppStore|ARM.Build.0 = Release|ARM
		{17DE7504-081B-492C-8755-E22FBF34E805}.AppStore|iPhone.ActiveCfg = Debug|Any CPU
		{17DE7504-081B-492C-8755-E22FBF34E805}.AppStore|iPhoneSimulator.ActiveCfg = Debug|Any CPU
		{17DE7504-081B-492C-8755-E22FBF34E805}.AppStore|x64.ActiveCfg = Release|Any CPU
		{17DE7504-081B-492C-8755-E22FBF34E805}.AppStore|x64.Build.0 = Release|Any CPU
		{17DE7504-081B-492C-8755-E22FBF34E805}.AppStore|x86.ActiveCfg = Release|x86
		{17DE7504-081B-492C-8755-E22FBF34E805}.AppStore|x86.Build.0 = Release|x86
		{17DE7504-081B-492C-8755-E22FBF34E805}.Debug|Any CPU.ActiveCfg = Debug|Any CPU
		{17DE7504-081B-492C-8755-E22FBF34E805}.Debug|Any CPU.Build.0 = Debug|Any CPU
		{17DE7504-081B-492C-8755-E22FBF34E805}.Debug|ARM.ActiveCfg = Debug|ARM
		{17DE7504-081B-492C-8755-E22FBF34E805}.Debug|ARM.Build.0 = Debug|ARM
		{17DE7504-081B-492C-8755-E22FBF34E805}.Debug|iPhone.ActiveCfg = Debug|Any CPU
		{17DE7504-081B-492C-8755-E22FBF34E805}.Debug|iPhone.Build.0 = Debug|Any CPU
		{17DE7504-081B-492C-8755-E22FBF34E805}.Debug|iPhoneSimulator.ActiveCfg = Debug|Any CPU
		{17DE7504-081B-492C-8755-E22FBF34E805}.Debug|iPhoneSimulator.Build.0 = Debug|Any CPU
		{17DE7504-081B-492C-8755-E22FBF34E805}.Debug|x64.ActiveCfg = Debug|Any CPU
		{17DE7504-081B-492C-8755-E22FBF34E805}.Debug|x64.Build.0 = Debug|Any CPU
		{17DE7504-081B-492C-8755-E22FBF34E805}.Debug|x86.ActiveCfg = Debug|x86
		{17DE7504-081B-492C-8755-E22FBF34E805}.Debug|x86.Build.0 = Debug|x86
		{17DE7504-081B-492C-8755-E22FBF34E805}.Release|Any CPU.ActiveCfg = Release|Any CPU
		{17DE7504-081B-492C-8755-E22FBF34E805}.Release|Any CPU.Build.0 = Release|Any CPU
		{17DE7504-081B-492C-8755-E22FBF34E805}.Release|ARM.ActiveCfg = Release|ARM
		{17DE7504-081B-492C-8755-E22FBF34E805}.Release|ARM.Build.0 = Release|ARM
		{17DE7504-081B-492C-8755-E22FBF34E805}.Release|iPhone.ActiveCfg = Release|Any CPU
		{17DE7504-081B-492C-8755-E22FBF34E805}.Release|iPhone.Build.0 = Release|Any CPU
		{17DE7504-081B-492C-8755-E22FBF34E805}.Release|iPhoneSimulator.ActiveCfg = Release|Any CPU
		{17DE7504-081B-492C-8755-E22FBF34E805}.Release|iPhoneSimulator.Build.0 = Release|Any CPU
		{17DE7504-081B-492C-8755-E22FBF34E805}.Release|x64.ActiveCfg = Release|Any CPU
		{17DE7504-081B-492C-8755-E22FBF34E805}.Release|x64.Build.0 = Release|Any CPU
		{17DE7504-081B-492C-8755-E22FBF34E805}.Release|x86.ActiveCfg = Release|x86
		{17DE7504-081B-492C-8755-E22FBF34E805}.Release|x86.Build.0 = Release|x86
		{2FFC84F2-9762-4787-953B-F308438DAED5}.AppStore|Any CPU.ActiveCfg = Release|Any CPU
		{2FFC84F2-9762-4787-953B-F308438DAED5}.AppStore|Any CPU.Build.0 = Release|Any CPU
		{2FFC84F2-9762-4787-953B-F308438DAED5}.AppStore|ARM.ActiveCfg = Release|ARM
		{2FFC84F2-9762-4787-953B-F308438DAED5}.AppStore|ARM.Build.0 = Release|ARM
		{2FFC84F2-9762-4787-953B-F308438DAED5}.AppStore|iPhone.ActiveCfg = Debug|Any CPU
		{2FFC84F2-9762-4787-953B-F308438DAED5}.AppStore|iPhoneSimulator.ActiveCfg = Debug|Any CPU
		{2FFC84F2-9762-4787-953B-F308438DAED5}.AppStore|x64.ActiveCfg = Release|x64
		{2FFC84F2-9762-4787-953B-F308438DAED5}.AppStore|x64.Build.0 = Release|x64
		{2FFC84F2-9762-4787-953B-F308438DAED5}.AppStore|x86.ActiveCfg = Release|x86
		{2FFC84F2-9762-4787-953B-F308438DAED5}.AppStore|x86.Build.0 = Release|x86
		{2FFC84F2-9762-4787-953B-F308438DAED5}.Debug|Any CPU.ActiveCfg = Debug|Any CPU
		{2FFC84F2-9762-4787-953B-F308438DAED5}.Debug|Any CPU.Build.0 = Debug|Any CPU
		{2FFC84F2-9762-4787-953B-F308438DAED5}.Debug|ARM.ActiveCfg = Debug|ARM
		{2FFC84F2-9762-4787-953B-F308438DAED5}.Debug|ARM.Build.0 = Debug|ARM
		{2FFC84F2-9762-4787-953B-F308438DAED5}.Debug|iPhone.ActiveCfg = Debug|Any CPU
		{2FFC84F2-9762-4787-953B-F308438DAED5}.Debug|iPhone.Build.0 = Debug|Any CPU
		{2FFC84F2-9762-4787-953B-F308438DAED5}.Debug|iPhoneSimulator.ActiveCfg = Debug|Any CPU
		{2FFC84F2-9762-4787-953B-F308438DAED5}.Debug|iPhoneSimulator.Build.0 = Debug|Any CPU
		{2FFC84F2-9762-4787-953B-F308438DAED5}.Debug|x64.ActiveCfg = Debug|x64
		{2FFC84F2-9762-4787-953B-F308438DAED5}.Debug|x64.Build.0 = Debug|x64
		{2FFC84F2-9762-4787-953B-F308438DAED5}.Debug|x86.ActiveCfg = Debug|x86
		{2FFC84F2-9762-4787-953B-F308438DAED5}.Debug|x86.Build.0 = Debug|x86
		{2FFC84F2-9762-4787-953B-F308438DAED5}.Release|Any CPU.ActiveCfg = Release|Any CPU
		{2FFC84F2-9762-4787-953B-F308438DAED5}.Release|Any CPU.Build.0 = Release|Any CPU
		{2FFC84F2-9762-4787-953B-F308438DAED5}.Release|ARM.ActiveCfg = Release|ARM
		{2FFC84F2-9762-4787-953B-F308438DAED5}.Release|ARM.Build.0 = Release|ARM
		{2FFC84F2-9762-4787-953B-F308438DAED5}.Release|iPhone.ActiveCfg = Release|Any CPU
		{2FFC84F2-9762-4787-953B-F308438DAED5}.Release|iPhone.Build.0 = Release|Any CPU
		{2FFC84F2-9762-4787-953B-F308438DAED5}.Release|iPhoneSimulator.ActiveCfg = Release|Any CPU
		{2FFC84F2-9762-4787-953B-F308438DAED5}.Release|iPhoneSimulator.Build.0 = Release|Any CPU
		{2FFC84F2-9762-4787-953B-F308438DAED5}.Release|x64.ActiveCfg = Release|x64
		{2FFC84F2-9762-4787-953B-F308438DAED5}.Release|x64.Build.0 = Release|x64
		{2FFC84F2-9762-4787-953B-F308438DAED5}.Release|x86.ActiveCfg = Release|x86
		{2FFC84F2-9762-4787-953B-F308438DAED5}.Release|x86.Build.0 = Release|x86
	EndGlobalSection
	GlobalSection(SolutionProperties) = preSolution
		HideSolutionNode = FALSE
	EndGlobalSection
	GlobalSection(NestedProjects) = preSolution
		{F37123CD-3C3D-40CA-B1B0-9CA81612A478} = {64ED924C-5F60-4815-A3EB-4324016C86AF}
		{0A07004D-433F-4B41-8E25-D66DB06E5841} = {C62DCE55-400E-4C30-8DF6-DC06AB245A94}
		{3A48655F-463B-4CAD-8570-B862CBD853A6} = {C62DCE55-400E-4C30-8DF6-DC06AB245A94}
		{E0AB3FF3-C87E-476E-9D83-6B09ECD5A21A} = {C62DCE55-400E-4C30-8DF6-DC06AB245A94}
		{0F204619-B4D1-4A89-BE06-54F01C904CBD} = {C62DCE55-400E-4C30-8DF6-DC06AB245A94}
		{65468291-EC6A-4386-A42D-092736BC9D94} = {C62DCE55-400E-4C30-8DF6-DC06AB245A94}
		{FBB9322B-BAF7-4D54-A11D-26FB98692E39} = {B5540EE3-820F-4785-AC56-C28E87D12D8D}
		{6B29D668-9370-424E-928A-24FE99B57AA0} = {B5540EE3-820F-4785-AC56-C28E87D12D8D}
		{C7D322F9-7612-4C93-8893-4C3B0ED6810B} = {B5540EE3-820F-4785-AC56-C28E87D12D8D}
		{17DE7504-081B-492C-8755-E22FBF34E805} = {B5540EE3-820F-4785-AC56-C28E87D12D8D}
		{2FFC84F2-9762-4787-953B-F308438DAED5} = {B5540EE3-820F-4785-AC56-C28E87D12D8D}
	EndGlobalSection
EndGlobal
